# Generated by buf. DO NOT EDIT.
version: v1
deps:
  - remote: buf.build
    owner: googleapis
    repository: googleapis
    branch: main
    commit: e548cf62f38b48f9bba64a94da0b1620
    digest: b1-La3vSnZid9JDtWaS-NrO7wTxIbHKiUfBzf3F-BZjL2o=
    create_time: 2021-10-12T15:04:27.725649Z
  - remote: buf.build
    owner: grpc-ecosystem
    repository: grpc-gateway
    branch: main
    commit: de24a84aed3d4d84806740946b55d947
    digest: b1-Q-mEW3P3NR5UL8gm0pr3YWFSo5DAtrBqqgvkwH2WFWw=
    create_time: 2021-09-08T00:32:28.231758Z
